
Microsoft Visual Studio Solution File, Format Version 12.00
# Visual Studio Version 17
VisualStudioVersion = 17.11.35312.102
MinimumVisualStudioVersion = 10.0.40219.1
Project("{9A19103F-16F7-4668-BE54-9A1E7A4F7556}") = "EX01", "EX01\EX01.csproj", "{03CCD2C9-2E62-4E5A-85AC-8000460702EB}"
EndProject
Project("{9A19103F-16F7-4668-BE54-9A1E7A4F7556}") = "EX02", "EX02\EX02.csproj", "{AA92FAA9-3CE2-4944-8B94-FD3A56767966}"
EndProject
Project("{9A19103F-16F7-4668-BE54-9A1E7A4F7556}") = "EX03", "EX03\EX03.csproj", "{85CBCF95-0422-481C-A234-2114875890B6}"
EndProject
Project("{9A19103F-16F7-4668-BE54-9A1E7A4F7556}") = "EX04", "EX04\EX04.csproj", "{55C6BCC2-8A3E-41B1-8C03-EBF3312A8110}"
EndProject
Project("{9A19103F-16F7-4668-BE54-9A1E7A4F7556}") = "EX05", "EX05\EX05.csproj", "{EF8418F8-AFA2-4412-996E-F82411169197}"
EndProject
Project("{9A19103F-16F7-4668-BE54-9A1E7A4F7556}") = "EX06", "EX06\EX06.csproj", "{5D43C1A8-AEA3-4541-A331-529EB2A17D60}"
EndProject
Project("{9A19103F-16F7-4668-BE54-9A1E7A4F7556}") = "EX07", "EX07\EX07.csproj", "{FBC93158-22FC-44EA-96F0-DBC6C703F55E}"
EndProject
Project("{9A19103F-16F7-4668-BE54-9A1E7A4F7556}") = "EX08", "EX08\EX08.csproj", "{B943128E-CE4F-4FA5-BBA2-1F2C6EAE096B}"
EndProject
Project("{9A19103F-16F7-4668-BE54-9A1E7A4F7556}") = "EX30", "EX30\EX30.csproj", "{4211E672-48A7-481B-BB77-61DB99F58CC1}"
EndProject
Project("{9A19103F-16F7-4668-BE54-9A1E7A4F7556}") = "EX09", "EX09\EX09.csproj", "{CA017A70-C651-4B5F-B650-754EEDC7757D}"
EndProject
Project("{9A19103F-16F7-4668-BE54-9A1E7A4F7556}") = "EX10", "EX10\EX10.csproj", "{6367F6A2-4264-478F-9D8B-3E7078426815}"
EndProject
Project("{9A19103F-16F7-4668-BE54-9A1E7A4F7556}") = "EX11", "EX11\EX11.csproj", "{C540122F-E494-482B-8C94-66290C6A0B7B}"
EndProject
Project("{9A19103F-16F7-4668-BE54-9A1E7A4F7556}") = "ExerciciExtra", "ExerciciExtra\ExerciciExtra.csproj", "{B9679B50-C2D6-4284-BEFD-6C7B71680CD9}"
EndProject
Project("{FAE04EC0-301F-11D3-BF4B-00C04F79EFBC}") = "EX12", "EX12\EX12.csproj", "{E97C7BE5-609C-4B4F-8A2D-6757955AEA55}"
EndProject
Project("{FAE04EC0-301F-11D3-BF4B-00C04F79EFBC}") = "EX13", "EX13\EX13.csproj", "{F460965A-BF59-409F-84CC-AADDEA8144B2}"
EndProject
Global
	GlobalSection(SolutionConfigurationPlatforms) = preSolution
		Debug|Any CPU = Debug|Any CPU
		Release|Any CPU = Release|Any CPU
	EndGlobalSection
	GlobalSection(ProjectConfigurationPlatforms) = postSolution
		{03CCD2C9-2E62-4E5A-85AC-8000460702EB}.Debug|Any CPU.ActiveCfg = Debug|Any CPU
		{03CCD2C9-2E62-4E5A-85AC-8000460702EB}.Debug|Any CPU.Build.0 = Debug|Any CPU
		{03CCD2C9-2E62-4E5A-85AC-8000460702EB}.Release|Any CPU.ActiveCfg = Release|Any CPU
		{03CCD2C9-2E62-4E5A-85AC-8000460702EB}.Release|Any CPU.Build.0 = Release|Any CPU
		{AA92FAA9-3CE2-4944-8B94-FD3A56767966}.Debug|Any CPU.ActiveCfg = Debug|Any CPU
		{AA92FAA9-3CE2-4944-8B94-FD3A56767966}.Debug|Any CPU.Build.0 = Debug|Any CPU
		{AA92FAA9-3CE2-4944-8B94-FD3A56767966}.Release|Any CPU.ActiveCfg = Release|Any CPU
		{AA92FAA9-3CE2-4944-8B94-FD3A56767966}.Release|Any CPU.Build.0 = Release|Any CPU
		{85CBCF95-0422-481C-A234-2114875890B6}.Debug|Any CPU.ActiveCfg = Debug|Any CPU
		{85CBCF95-0422-481C-A234-2114875890B6}.Debug|Any CPU.Build.0 = Debug|Any CPU
		{85CBCF95-0422-481C-A234-2114875890B6}.Release|Any CPU.ActiveCfg = Release|Any CPU
		{85CBCF95-0422-481C-A234-2114875890B6}.Release|Any CPU.Build.0 = Release|Any CPU
		{55C6BCC2-8A3E-41B1-8C03-EBF3312A8110}.Debug|Any CPU.ActiveCfg = Debug|Any CPU
		{55C6BCC2-8A3E-41B1-8C03-EBF3312A8110}.Debug|Any CPU.Build.0 = Debug|Any CPU
		{55C6BCC2-8A3E-41B1-8C03-EBF3312A8110}.Release|Any CPU.ActiveCfg = Release|Any CPU
		{55C6BCC2-8A3E-41B1-8C03-EBF3312A8110}.Release|Any CPU.Build.0 = Release|Any CPU
		{EF8418F8-AFA2-4412-996E-F82411169197}.Debug|Any CPU.ActiveCfg = Debug|Any CPU
		{EF8418F8-AFA2-4412-996E-F82411169197}.Debug|Any CPU.Build.0 = Debug|Any CPU
		{EF8418F8-AFA2-4412-996E-F82411169197}.Release|Any CPU.ActiveCfg = Release|Any CPU
		{EF8418F8-AFA2-4412-996E-F82411169197}.Release|Any CPU.Build.0 = Release|Any CPU
		{5D43C1A8-AEA3-4541-A331-529EB2A17D60}.Debug|Any CPU.ActiveCfg = Debug|Any CPU
		{5D43C1A8-AEA3-4541-A331-529EB2A17D60}.Debug|Any CPU.Build.0 = Debug|Any CPU
		{5D43C1A8-AEA3-4541-A331-529EB2A17D60}.Release|Any CPU.ActiveCfg = Release|Any CPU
		{5D43C1A8-AEA3-4541-A331-529EB2A17D60}.Release|Any CPU.Build.0 = Release|Any CPU
		{FBC93158-22FC-44EA-96F0-DBC6C703F55E}.Debug|Any CPU.ActiveCfg = Debug|Any CPU
		{FBC93158-22FC-44EA-96F0-DBC6C703F55E}.Debug|Any CPU.Build.0 = Debug|Any CPU
		{FBC93158-22FC-44EA-96F0-DBC6C703F55E}.Release|Any CPU.ActiveCfg = Release|Any CPU
		{FBC93158-22FC-44EA-96F0-DBC6C703F55E}.Release|Any CPU.Build.0 = Release|Any CPU
		{B943128E-CE4F-4FA5-BBA2-1F2C6EAE096B}.Debug|Any CPU.ActiveCfg = Debug|Any CPU
		{B943128E-CE4F-4FA5-BBA2-1F2C6EAE096B}.Debug|Any CPU.Build.0 = Debug|Any CPU
		{B943128E-CE4F-4FA5-BBA2-1F2C6EAE096B}.Release|Any CPU.ActiveCfg = Release|Any CPU
		{B943128E-CE4F-4FA5-BBA2-1F2C6EAE096B}.Release|Any CPU.Build.0 = Release|Any CPU
		{4211E672-48A7-481B-BB77-61DB99F58CC1}.Debug|Any CPU.ActiveCfg = Debug|Any CPU
		{4211E672-48A7-481B-BB77-61DB99F58CC1}.Debug|Any CPU.Build.0 = Debug|Any CPU
		{4211E672-48A7-481B-BB77-61DB99F58CC1}.Release|Any CPU.ActiveCfg = Release|Any CPU
		{4211E672-48A7-481B-BB77-61DB99F58CC1}.Release|Any CPU.Build.0 = Release|Any CPU
		{CA017A70-C651-4B5F-B650-754EEDC7757D}.Debug|Any CPU.ActiveCfg = Debug|Any CPU
		{CA017A70-C651-4B5F-B650-754EEDC7757D}.Debug|Any CPU.Build.0 = Debug|Any CPU
		{CA017A70-C651-4B5F-B650-754EEDC7757D}.Release|Any CPU.ActiveCfg = Release|Any CPU
		{CA017A70-C651-4B5F-B650-754EEDC7757D}.Release|Any CPU.Build.0 = Release|Any CPU
		{6367F6A2-4264-478F-9D8B-3E7078426815}.Debug|Any CPU.ActiveCfg = Debug|Any CPU
		{6367F6A2-4264-478F-9D8B-3E7078426815}.Debug|Any CPU.Build.0 = Debug|Any CPU
		{6367F6A2-4264-478F-9D8B-3E7078426815}.Release|Any CPU.ActiveCfg = Release|Any CPU
		{6367F6A2-4264-478F-9D8B-3E7078426815}.Release|Any CPU.Build.0 = Release|Any CPU
		{C540122F-E494-482B-8C94-66290C6A0B7B}.Debug|Any CPU.ActiveCfg = Debug|Any CPU
		{C540122F-E494-482B-8C94-66290C6A0B7B}.Debug|Any CPU.Build.0 = Debug|Any CPU
		{C540122F-E494-482B-8C94-66290C6A0B7B}.Release|Any CPU.ActiveCfg = Release|Any CPU
		{C540122F-E494-482B-8C94-66290C6A0B7B}.Release|Any CPU.Build.0 = Release|Any CPU
		{B9679B50-C2D6-4284-BEFD-6C7B71680CD9}.Debug|Any CPU.ActiveCfg = Debug|Any CPU
		{B9679B50-C2D6-4284-BEFD-6C7B71680CD9}.Debug|Any CPU.Build.0 = Debug|Any CPU
		{B9679B50-C2D6-4284-BEFD-6C7B71680CD9}.Release|Any CPU.ActiveCfg = Release|Any CPU
		{B9679B50-C2D6-4284-BEFD-6C7B71680CD9}.Release|Any CPU.Build.0 = Release|Any CPU
		{E97C7BE5-609C-4B4F-8A2D-6757955AEA55}.Debug|Any CPU.ActiveCfg = Debug|Any CPU
		{E97C7BE5-609C-4B4F-8A2D-6757955AEA55}.Debug|Any CPU.Build.0 = Debug|Any CPU
		{E97C7BE5-609C-4B4F-8A2D-6757955AEA55}.Release|Any CPU.ActiveCfg = Release|Any CPU
		{E97C7BE5-609C-4B4F-8A2D-6757955AEA55}.Release|Any CPU.Build.0 = Release|Any CPU
		{F460965A-BF59-409F-84CC-AADDEA8144B2}.Debug|Any CPU.ActiveCfg = Debug|Any CPU
		{F460965A-BF59-409F-84CC-AADDEA8144B2}.Debug|Any CPU.Build.0 = Debug|Any CPU
		{F460965A-BF59-409F-84CC-AADDEA8144B2}.Release|Any CPU.ActiveCfg = Release|Any CPU
		{F460965A-BF59-409F-84CC-AADDEA8144B2}.Release|Any CPU.Build.0 = Release|Any CPU
	EndGlobalSection
	GlobalSection(SolutionProperties) = preSolution
		HideSolutionNode = FALSE
	EndGlobalSection
	GlobalSection(ExtensibilityGlobals) = postSolution
		SolutionGuid = {1F28D1FF-5988-4691-966C-EFCE46BC5819}
	EndGlobalSection
EndGlobal
